// !$*UTF8*$!
{
	archiveVersion = 1;
	classes = {
	};
	objectVersion = 50;
	objects = {

/* Begin PBXBuildFile section */
		D4AF7C8424A409CF00FCB04D /* AppDelegate.swift in Sources */ = {isa = PBXBuildFile; fileRef = D4AF7C8324A409CF00FCB04D /* AppDelegate.swift */; };
		D4AF7C8624A409CF00FCB04D /* SceneDelegate.swift in Sources */ = {isa = PBXBuildFile; fileRef = D4AF7C8524A409CF00FCB04D /* SceneDelegate.swift */; };
		D4AF7C8824A409CF00FCB04D /* ViewController.swift in Sources */ = {isa = PBXBuildFile; fileRef = D4AF7C8724A409CF00FCB04D /* ViewController.swift */; };
		D4AF7C8B24A409CF00FCB04D /* Main.storyboard in Resources */ = {isa = PBXBuildFile; fileRef = D4AF7C8924A409CF00FCB04D /* Main.storyboard */; };
		D4AF7C8D24A409D200FCB04D /* Assets.xcassets in Resources */ = {isa = PBXBuildFile; fileRef = D4AF7C8C24A409D200FCB04D /* Assets.xcassets */; };
		D4AF7C9024A409D200FCB04D /* LaunchScreen.storyboard in Resources */ = {isa = PBXBuildFile; fileRef = D4AF7C8E24A409D200FCB04D /* LaunchScreen.storyboard */; };
		D4AF7C9B24A409D200FCB04D /* ToDoListTests.swift in Sources */ = {isa = PBXBuildFile; fileRef = D4AF7C9A24A409D200FCB04D /* ToDoListTests.swift */; };
		D4AF7CA624A409D300FCB04D /* ToDoListUITests.swift in Sources */ = {isa = PBXBuildFile; fileRef = D4AF7CA524A409D300FCB04D /* ToDoListUITests.swift */; };
		D4AF7CB424A4196000FCB04D /* ListEntryViewController.swift in Sources */ = {isa = PBXBuildFile; fileRef = D4AF7CB324A4196000FCB04D /* ListEntryViewController.swift */; };
		D4AF7CB624A4197700FCB04D /* DisplayTaskViewController.swift in Sources */ = {isa = PBXBuildFile; fileRef = D4AF7CB524A4197700FCB04D /* DisplayTaskViewController.swift */; };
/* End PBXBuildFile section */

/* Begin PBXContainerItemProxy section */
		D4AF7C9724A409D200FCB04D /* PBXContainerItemProxy */ = {
			isa = PBXContainerItemProxy;
			containerPortal = D4AF7C7824A409CF00FCB04D /* Project object */;
			proxyType = 1;
			remoteGlobalIDString = D4AF7C7F24A409CF00FCB04D;
			remoteInfo = ToDoList;
		};
		D4AF7CA224A409D300FCB04D /* PBXContainerItemProxy */ = {
			isa = PBXContainerItemProxy;
			containerPortal = D4AF7C7824A409CF00FCB04D /* Project object */;
			proxyType = 1;
			remoteGlobalIDString = D4AF7C7F24A409CF00FCB04D;
			remoteInfo = ToDoList;
		};
/* End PBXContainerItemProxy section */

/* Begin PBXFileReference section */
		D4AF7C8024A409CF00FCB04D /* ToDoList.app */ = {isa = PBXFileReference; explicitFileType = wrapper.application; includeInIndex = 0; path = ToDoList.app; sourceTree = BUILT_PRODUCTS_DIR; };
		D4AF7C8324A409CF00FCB04D /* AppDelegate.swift */ = {isa = PBXFileReference; lastKnownFileType = sourcecode.swift; path = AppDelegate.swift; sourceTree = "<group>"; };
		D4AF7C8524A409CF00FCB04D /* SceneDelegate.swift */ = {isa = PBXFileReference; lastKnownFileType = sourcecode.swift; path = SceneDelegate.swift; sourceTree = "<group>"; };
		D4AF7C8724A409CF00FCB04D /* ViewController.swift */ = {isa = PBXFileReference; lastKnownFileType = sourcecode.swift; path = ViewController.swift; sourceTree = "<group>"; };
		D4AF7C8A24A409CF00FCB04D /* Base */ = {isa = PBXFileReference; lastKnownFileType = file.storyboard; name = Base; path = Base.lproj/Main.storyboard; sourceTree = "<group>"; };
		D4AF7C8C24A409D200FCB04D /* Assets.xcassets */ = {isa = PBXFileReference; lastKnownFileType = folder.assetcatalog; path = Assets.xcassets; sourceTree = "<group>"; };
		D4AF7C8F24A409D200FCB04D /* Base */ = {isa = PBXFileReference; lastKnownFileType = file.storyboard; name = Base; path = Base.lproj/LaunchScreen.storyboard; sourceTree = "<group>"; };
		D4AF7C9124A409D200FCB04D /* Info.plist */ = {isa = PBXFileReference; lastKnownFileType = text.plist.xml; path = Info.plist; sourceTree = "<group>"; };
		D4AF7C9624A409D200FCB04D /* ToDoListTests.xctest */ = {isa = PBXFileReference; explicitFileType = wrapper.cfbundle; includeInIndex = 0; path = ToDoListTests.xctest; sourceTree = BUILT_PRODUCTS_DIR; };
		D4AF7C9A24A409D200FCB04D /* ToDoListTests.swift */ = {isa = PBXFileReference; lastKnownFileType = sourcecode.swift; path = ToDoListTests.swift; sourceTree = "<group>"; };
		D4AF7C9C24A409D200FCB04D /* Info.plist */ = {isa = PBXFileReference; lastKnownFileType = text.plist.xml; path = Info.plist; sourceTree = "<group>"; };
		D4AF7CA124A409D300FCB04D /* ToDoListUITests.xctest */ = {isa = PBXFileReference; explicitFileType = wrapper.cfbundle; includeInIndex = 0; path = ToDoListUITests.xctest; sourceTree = BUILT_PRODUCTS_DIR; };
		D4AF7CA524A409D300FCB04D /* ToDoListUITests.swift */ = {isa = PBXFileReference; lastKnownFileType = sourcecode.swift; path = ToDoListUITests.swift; sourceTree = "<group>"; };
		D4AF7CA724A409D300FCB04D /* Info.plist */ = {isa = PBXFileReference; lastKnownFileType = text.plist.xml; path = Info.plist; sourceTree = "<group>"; };
		D4AF7CB324A4196000FCB04D /* ListEntryViewController.swift */ = {isa = PBXFileReference; lastKnownFileType = sourcecode.swift; path = ListEntryViewController.swift; sourceTree = "<group>"; };
		D4AF7CB524A4197700FCB04D /* DisplayTaskViewController.swift */ = {isa = PBXFileReference; lastKnownFileType = sourcecode.swift; path = DisplayTaskViewController.swift; sourceTree = "<group>"; };
/* End PBXFileReference section */

/* Begin PBXFrameworksBuildPhase section */
		D4AF7C7D24A409CF00FCB04D /* Frameworks */ = {
			isa = PBXFrameworksBuildPhase;
			buildActionMask = 2147483647;
			files = (
			);
			runOnlyForDeploymentPostprocessing = 0;
		};
		D4AF7C9324A409D200FCB04D /* Frameworks */ = {
			isa = PBXFrameworksBuildPhase;
			buildActionMask = 2147483647;
			files = (
			);
			runOnlyForDeploymentPostprocessing = 0;
		};
		D4AF7C9E24A409D300FCB04D /* Frameworks */ = {
			isa = PBXFrameworksBuildPhase;
			buildActionMask = 2147483647;
			files = (
			);
			runOnlyForDeploymentPostprocessing = 0;
		};
/* End PBXFrameworksBuildPhase section */

/* Begin PBXGroup section */
		D4AF7C7724A409CF00FCB04D = {
			isa = PBXGroup;
			children = (
				D4AF7C8224A409CF00FCB04D /* ToDoList */,
				D4AF7C9924A409D200FCB04D /* ToDoListTests */,
				D4AF7CA424A409D300FCB04D /* ToDoListUITests */,
				D4AF7C8124A409CF00FCB04D /* Products */,
			);
			sourceTree = "<group>";
		};
		D4AF7C8124A409CF00FCB04D /* Products */ = {
			isa = PBXGroup;
			children = (
				D4AF7C8024A409CF00FCB04D /* ToDoList.app */,
				D4AF7C9624A409D200FCB04D /* ToDoListTests.xctest */,
				D4AF7CA124A409D300FCB04D /* ToDoListUITests.xctest */,
			);
			name = Products;
			sourceTree = "<group>";
		};
		D4AF7C8224A409CF00FCB04D /* ToDoList */ = {
			isa = PBXGroup;
			children = (
				D4AF7C8324A409CF00FCB04D /* AppDelegate.swift */,
				D4AF7C8524A409CF00FCB04D /* SceneDelegate.swift */,
				D4AF7C8724A409CF00FCB04D /* ViewController.swift */,
				D4AF7C8924A409CF00FCB04D /* Main.storyboard */,
				D4AF7C8C24A409D200FCB04D /* Assets.xcassets */,
				D4AF7C8E24A409D200FCB04D /* LaunchScreen.storyboard */,
				D4AF7C9124A409D200FCB04D /* Info.plist */,
				D4AF7CB324A4196000FCB04D /* ListEntryViewController.swift */,
				D4AF7CB524A4197700FCB04D /* DisplayTaskViewController.swift */,
			);
			path = ToDoList;
			sourceTree = "<group>";
		};
		D4AF7C9924A409D200FCB04D /* ToDoListTests */ = {
			isa = PBXGroup;
			children = (
				D4AF7C9A24A409D200FCB04D /* ToDoListTests.swift */,
				D4AF7C9C24A409D200FCB04D /* Info.plist */,
			);
			path = ToDoListTests;
			sourceTree = "<group>";
		};
		D4AF7CA424A409D300FCB04D /* ToDoListUITests */ = {
			isa = PBXGroup;
			children = (
				D4AF7CA524A409D300FCB04D /* ToDoListUITests.swift */,
				D4AF7CA724A409D300FCB04D /* Info.plist */,
			);
			path = ToDoListUITests;
			sourceTree = "<group>";
		};
/* End PBXGroup section */

/* Begin PBXNativeTarget section */
		D4AF7C7F24A409CF00FCB04D /* ToDoList */ = {
			isa = PBXNativeTarget;
			buildConfigurationList = D4AF7CAA24A409D300FCB04D /* Build configuration list for PBXNativeTarget "ToDoList" */;
			buildPhases = (
				D4AF7C7C24A409CF00FCB04D /* Sources */,
				D4AF7C7D24A409CF00FCB04D /* Frameworks */,
				D4AF7C7E24A409CF00FCB04D /* Resources */,
			);
			buildRules = (
			);
			dependencies = (
			);
			name = ToDoList;
			productName = ToDoList;
			productReference = D4AF7C8024A409CF00FCB04D /* ToDoList.app */;
			productType = "com.apple.product-type.application";
		};
		D4AF7C9524A409D200FCB04D /* ToDoListTests */ = {
			isa = PBXNativeTarget;
			buildConfigurationList = D4AF7CAD24A409D300FCB04D /* Build configuration list for PBXNativeTarget "ToDoListTests" */;
			buildPhases = (
				D4AF7C9224A409D200FCB04D /* Sources */,
				D4AF7C9324A409D200FCB04D /* Frameworks */,
				D4AF7C9424A409D200FCB04D /* Resources */,
			);
			buildRules = (
			);
			dependencies = (
				D4AF7C9824A409D200FCB04D /* PBXTargetDependency */,
			);
			name = ToDoListTests;
			productName = ToDoListTests;
			productReference = D4AF7C9624A409D200FCB04D /* ToDoListTests.xctest */;
			productType = "com.apple.product-type.bundle.unit-test";
		};
		D4AF7CA024A409D300FCB04D /* ToDoListUITests */ = {
			isa = PBXNativeTarget;
			buildConfigurationList = D4AF7CB024A409D300FCB04D /* Build configuration list for PBXNativeTarget "ToDoListUITests" */;
			buildPhases = (
				D4AF7C9D24A409D300FCB04D /* Sources */,
				D4AF7C9E24A409D300FCB04D /* Frameworks */,
				D4AF7C9F24A409D300FCB04D /* Resources */,
			);
			buildRules = (
			);
			dependencies = (
				D4AF7CA324A409D300FCB04D /* PBXTargetDependency */,
			);
			name = ToDoListUITests;
			productName = ToDoListUITests;
			productReference = D4AF7CA124A409D300FCB04D /* ToDoListUITests.xctest */;
			productType = "com.apple.product-type.bundle.ui-testing";
		};
/* End PBXNativeTarget section */

/* Begin PBXProject section */
		D4AF7C7824A409CF00FCB04D /* Project object */ = {
			isa = PBXProject;
			attributes = {
				LastSwiftUpdateCheck = 1150;
				LastUpgradeCheck = 1150;
				ORGANIZATIONNAME = "Bhumi Patel";
				TargetAttributes = {
					D4AF7C7F24A409CF00FCB04D = {
						CreatedOnToolsVersion = 11.5;
					};
					D4AF7C9524A409D200FCB04D = {
						CreatedOnToolsVersion = 11.5;
						TestTargetID = D4AF7C7F24A409CF00FCB04D;
					};
					D4AF7CA024A409D300FCB04D = {
						CreatedOnToolsVersion = 11.5;
						TestTargetID = D4AF7C7F24A409CF00FCB04D;
					};
				};
			};
			buildConfigurationList = D4AF7C7B24A409CF00FCB04D /* Build configuration list for PBXProject "ToDoList" */;
			compatibilityVersion = "Xcode 9.3";
			developmentRegion = en;
			hasScannedForEncodings = 0;
			knownRegions = (
				en,
				Base,
			);
			mainGroup = D4AF7C7724A409CF00FCB04D;
			productRefGroup = D4AF7C8124A409CF00FCB04D /* Products */;
			projectDirPath = "";
			projectRoot = "";
			targets = (
				D4AF7C7F24A409CF00FCB04D /* ToDoList */,
				D4AF7C9524A409D200FCB04D /* ToDoListTests */,
				D4AF7CA024A409D300FCB04D /* ToDoListUITests */,
			);
		};
/* End PBXProject section */

/* Begin PBXResourcesBuildPhase section */
		D4AF7C7E24A409CF00FCB04D /* Resources */ = {
			isa = PBXResourcesBuildPhase;
			buildActionMask = 2147483647;
			files = (
				D4AF7C9024A409D200FCB04D /* LaunchScreen.storyboard in Resources */,
				D4AF7C8D24A409D200FCB04D /* Assets.xcassets in Resources */,
				D4AF7C8B24A409CF00FCB04D /* Main.storyboard in Resources */,
			);
			runOnlyForDeploymentPostprocessing = 0;
		};
		D4AF7C9424A409D200FCB04D /* Resources */ = {
			isa = PBXResourcesBuildPhase;
			buildActionMask = 2147483647;
			files = (
			);
			runOnlyForDeploymentPostprocessing = 0;
		};
		D4AF7C9F24A409D300FCB04D /* Resources */ = {
			isa = PBXResourcesBuildPhase;
			buildActionMask = 2147483647;
			files = (
			);
			runOnlyForDeploymentPostprocessing = 0;
		};
/* End PBXResourcesBuildPhase section */

/* Begin PBXSourcesBuildPhase section */
		D4AF7C7C24A409CF00FCB04D /* Sources */ = {
			isa = PBXSourcesBuildPhase;
			buildActionMask = 2147483647;
			files = (
				D4AF7CB624A4197700FCB04D /* DisplayTaskViewController.swift in Sources */,
				D4AF7C8824A409CF00FCB04D /* ViewController.swift in Sources */,
				D4AF7CB424A4196000FCB04D /* ListEntryViewController.swift in Sources */,
				D4AF7C8424A409CF00FCB04D /* AppDelegate.swift in Sources */,
				D4AF7C8624A409CF00FCB04D /* SceneDelegate.swift in Sources */,
			);
			runOnlyForDeploymentPostprocessing = 0;
		};
		D4AF7C9224A409D200FCB04D /* Sources */ = {
			isa = PBXSourcesBuildPhase;
			buildActionMask = 2147483647;
			files = (
				D4AF7C9B24A409D200FCB04D /* ToDoListTests.swift in Sources */,
			);
			runOnlyForDeploymentPostprocessing = 0;
		};
		D4AF7C9D24A409D300FCB04D /* Sources */ = {
			isa = PBXSourcesBuildPhase;
			buildActionMask = 2147483647;
			files = (
				D4AF7CA624A409D300FCB04D /* ToDoListUITests.swift in Sources */,
			);
			runOnlyForDeploymentPostprocessing = 0;
		};
/* End PBXSourcesBuildPhase section */

/* Begin PBXTargetDependency section */
		D4AF7C9824A409D200FCB04D /* PBXTargetDependency */ = {
			isa = PBXTargetDependency;
			target = D4AF7C7F24A409CF00FCB04D /* ToDoList */;
			targetProxy = D4AF7C9724A409D200FCB04D /* PBXContainerItemProxy */;
		};
		D4AF7CA324A409D300FCB04D /* PBXTargetDependency */ = {
			isa = PBXTargetDependency;
			target = D4AF7C7F24A409CF00FCB04D /* ToDoList */;
			targetProxy = D4AF7CA224A409D300FCB04D /* PBXContainerItemProxy */;
		};
/* End PBXTargetDependency section */

/* Begin PBXVariantGroup section */
		D4AF7C8924A409CF00FCB04D /* Main.storyboard */ = {
			isa = PBXVariantGroup;
			children = (
				D4AF7C8A24A409CF00FCB04D /* Base */,
			);
			name = Main.storyboard;
			sourceTree = "<group>";
		};
		D4AF7C8E24A409D200FCB04D /* LaunchScreen.storyboard */ = {
			isa = PBXVariantGroup;
			children = (
				D4AF7C8F24A409D200FCB04D /* Base */,
			);
			name = LaunchScreen.storyboard;
			sourceTree = "<group>";
		};
/* End PBXVariantGroup section */

/* Begin XCBuildConfiguration section */
		D4AF7CA824A409D300FCB04D /* Debug */ = {
			isa = XCBuildConfiguration;
			buildSettings = {
				ALWAYS_SEARCH_USER_PATHS = NO;
				CLANG_ANALYZER_NONNULL = YES;
				CLANG_ANALYZER_NUMBER_OBJECT_CONVERSION = YES_AGGRESSIVE;
				CLANG_CXX_LANGUAGE_STANDARD = "gnu++14";
				CLANG_CXX_LIBRARY = "libc++";
				CLANG_ENABLE_MODULES = YES;
				CLANG_ENABLE_OBJC_ARC = YES;
				CLANG_ENABLE_OBJC_WEAK = YES;
				CLANG_WARN_BLOCK_CAPTURE_AUTORELEASING = YES;
				CLANG_WARN_BOOL_CONVERSION = YES;
				CLANG_WARN_COMMA = YES;
				CLANG_WARN_CONSTANT_CONVERSION = YES;
				CLANG_WARN_DEPRECATED_OBJC_IMPLEMENTATIONS = YES;
				CLANG_WARN_DIRECT_OBJC_ISA_USAGE = YES_ERROR;
				CLANG_WARN_DOCUMENTATION_COMMENTS = YES;
				CLANG_WARN_EMPTY_BODY = YES;
				CLANG_WARN_ENUM_CONVERSION = YES;
				CLANG_WARN_INFINITE_RECURSION = YES;
				CLANG_WARN_INT_CONVERSION = YES;
				CLANG_WARN_NON_LITERAL_NULL_CONVERSION = YES;
				CLANG_WARN_OBJC_IMPLICIT_RETAIN_SELF = YES;
				CLANG_WARN_OBJC_LITERAL_CONVERSION = YES;
				CLANG_WARN_OBJC_ROOT_CLASS = YES_ERROR;
				CLANG_WARN_RANGE_LOOP_ANALYSIS = YES;
				CLANG_WARN_STRICT_PROTOTYPES = YES;
				CLANG_WARN_SUSPICIOUS_MOVE = YES;
				CLANG_WARN_UNGUARDED_AVAILABILITY = YES_AGGRESSIVE;
				CLANG_WARN_UNREACHABLE_CODE = YES;
				CLANG_WARN__DUPLICATE_METHOD_MATCH = YES;
				COPY_PHASE_STRIP = NO;
				DEBUG_INFORMATION_FORMAT = dwarf;
				ENABLE_STRICT_OBJC_MSGSEND = YES;
				ENABLE_TESTABILITY = YES;
				GCC_C_LANGUAGE_STANDARD = gnu11;
				GCC_DYNAMIC_NO_PIC = NO;
				GCC_NO_COMMON_BLOCKS = YES;
				GCC_OPTIMIZATION_LEVEL = 0;
				GCC_PREPROCESSOR_DEFINITIONS = (
					"DEBUG=1",
					"$(inherited)",
				);
				GCC_WARN_64_TO_32_BIT_CONVERSION = YES;
				GCC_WARN_ABOUT_RETURN_TYPE = YES_ERROR;
				GCC_WARN_UNDECLARED_SELECTOR = YES;
				GCC_WARN_UNINITIALIZED_AUTOS = YES_AGGRESSIVE;
				GCC_WARN_UNUSED_FUNCTION = YES;
				GCC_WARN_UNUSED_VARIABLE = YES;
				IPHONEOS_DEPLOYMENT_TARGET = 13.5;
				MTL_ENABLE_DEBUG_INFO = INCLUDE_SOURCE;
				MTL_FAST_MATH = YES;
				ONLY_ACTIVE_ARCH = YES;
				SDKROOT = iphoneos;
				SWIFT_ACTIVE_COMPILATION_CONDITIONS = DEBUG;
				SWIFT_OPTIMIZATION_LEVEL = "-Onone";
			};
			name = Debug;
		};
		D4AF7CA924A409D300FCB04D /* Release */ = {
			isa = XCBuildConfiguration;
			buildSettings = {
				ALWAYS_SEARCH_USER_PATHS = NO;
				CLANG_ANALYZER_NONNULL = YES;
				CLANG_ANALYZER_NUMBER_OBJECT_CONVERSION = YES_AGGRESSIVE;
				CLANG_CXX_LANGUAGE_STANDARD = "gnu++14";
				CLANG_CXX_LIBRARY = "libc++";
				CLANG_ENABLE_MODULES = YES;
				CLANG_ENABLE_OBJC_ARC = YES;
				CLANG_ENABLE_OBJC_WEAK = YES;
				CLANG_WARN_BLOCK_CAPTURE_AUTORELEASING = YES;
				CLANG_WARN_BOOL_CONVERSION = YES;
				CLANG_WARN_COMMA = YES;
				CLANG_WARN_CONSTANT_CONVERSION = YES;
				CLANG_WARN_DEPRECATED_OBJC_IMPLEMENTATIONS = YES;
				CLANG_WARN_DIRECT_OBJC_ISA_USAGE = YES_ERROR;
				CLANG_WARN_DOCUMENTATION_COMMENTS = YES;
				CLANG_WARN_EMPTY_BODY = YES;
				CLANG_WARN_ENUM_CONVERSION = YES;
				CLANG_WARN_INFINITE_RECURSION = YES;
				CLANG_WARN_INT_CONVERSION = YES;
				CLANG_WARN_NON_LITERAL_NULL_CONVERSION = YES;
				CLANG_WARN_OBJC_IMPLICIT_RETAIN_SELF = YES;
				CLANG_WARN_OBJC_LITERAL_CONVERSION = YES;
				CLANG_WARN_OBJC_ROOT_CLASS = YES_ERROR;
				CLANG_WARN_RANGE_LOOP_ANALYSIS = YES;
				CLANG_WARN_STRICT_PROTOTYPES = YES;
				CLANG_WARN_SUSPICIOUS_MOVE = YES;
				CLANG_WARN_UNGUARDED_AVAILABILITY = YES_AGGRESSIVE;
				CLANG_WARN_UNREACHABLE_CODE = YES;
				CLANG_WARN__DUPLICATE_METHOD_MATCH = YES;
				COPY_PHASE_STRIP = NO;
				DEBUG_INFORMATION_FORMAT = "dwarf-with-dsym";
				ENABLE_NS_ASSERTIONS = NO;
				ENABLE_STRICT_OBJC_MSGSEND = YES;
				GCC_C_LANGUAGE_STANDARD = gnu11;
				GCC_NO_COMMON_BLOCKS = YES;
				GCC_WARN_64_TO_32_BIT_CONVERSION = YES;
				GCC_WARN_ABOUT_RETURN_TYPE = YES_ERROR;
				GCC_WARN_UNDECLARED_SELECTOR = YES;
				GCC_WARN_UNINITIALIZED_AUTOS = YES_AGGRESSIVE;
				GCC_WARN_UNUSED_FUNCTION = YES;
				GCC_WARN_UNUSED_VARIABLE = YES;
				IPHONEOS_DEPLOYMENT_TARGET = 13.5;
				MTL_ENABLE_DEBUG_INFO = NO;
				MTL_FAST_MATH = YES;
				SDKROOT = iphoneos;
				SWIFT_COMPILATION_MODE = wholemodule;
				SWIFT_OPTIMIZATION_LEVEL = "-O";
				VALIDATE_PRODUCT = YES;
			};
			name = Release;
		};
		D4AF7CAB24A409D300FCB04D /* Debug */ = {
			isa = XCBuildConfiguration;
			buildSettings = {
				ASSETCATALOG_COMPILER_APPICON_NAME = AppIcon;
				CODE_SIGN_STYLE = Automatic;
				INFOPLIST_FILE = ToDoList/Info.plist;
				LD_RUNPATH_SEARCH_PATHS = (
					"$(inherited)",
					"@executable_path/Frameworks",
				);
				PRODUCT_BUNDLE_IDENTIFIER = com.YourCompany.ToDoList;
				PRODUCT_NAME = "$(TARGET_NAME)";
				SWIFT_VERSION = 5.0;
				TARGETED_DEVICE_FAMILY = "1,2";
			};
			name = Debug;
		};
		D4AF7CAC24A409D300FCB04D /* Release */ = {
			isa = XCBuildConfiguration;
			buildSettings = {
				ASSETCATALOG_COMPILER_APPICON_NAME = AppIcon;
				CODE_SIGN_STYLE = Automatic;
				INFOPLIST_FILE = ToDoList/Info.plist;
				LD_RUNPATH_SEARCH_PATHS = (
					"$(inherited)",
					"@executable_path/Frameworks",
				);
				PRODUCT_BUNDLE_IDENTIFIER = com.YourCompany.ToDoList;
				PRODUCT_NAME = "$(TARGET_NAME)";
				SWIFT_VERSION = 5.0;
				TARGETED_DEVICE_FAMILY = "1,2";
			};
			name = Release;
		};
		D4AF7CAE24A409D300FCB04D /* Debug */ = {
			isa = XCBuildConfiguration;
			buildSettings = {
				ALWAYS_EMBED_SWIFT_STANDARD_LIBRARIES = YES;
				BUNDLE_LOADER = "$(TEST_HOST)";
				CODE_SIGN_STYLE = Automatic;
				INFOPLIST_FILE = ToDoListTests/Info.plist;
				IPHONEOS_DEPLOYMENT_TARGET = 13.5;
				LD_RUNPATH_SEARCH_PATHS = (
					"$(inherited)",
					"@executable_path/Frameworks",
					"@loader_path/Frameworks",
				);
				PRODUCT_BUNDLE_IDENTIFIER = com.YourCompany.ToDoListTests;
				PRODUCT_NAME = "$(TARGET_NAME)";
				SWIFT_VERSION = 5.0;
				TARGETED_DEVICE_FAMILY = "1,2";
				TEST_HOST = "$(BUILT_PRODUCTS_DIR)/ToDoList.app/ToDoList";
			};
			name = Debug;
		};
		D4AF7CAF24A409D300FCB04D /* Release */ = {
			isa = XCBuildConfiguration;
			buildSettings = {
				ALWAYS_EMBED_SWIFT_STANDARD_LIBRARIES = YES;
				BUNDLE_LOADER = "$(TEST_HOST)";
				CODE_SIGN_STYLE = Automatic;
				INFOPLIST_FILE = ToDoListTests/Info.plist;
				IPHONEOS_DEPLOYMENT_TARGET = 13.5;
				LD_RUNPATH_SEARCH_PATHS = (
					"$(inherited)",
					"@executable_path/Frameworks",
					"@loader_path/Frameworks",
				);
				PRODUCT_BUNDLE_IDENTIFIER = com.YourCompany.ToDoListTests;
				PRODUCT_NAME = "$(TARGET_NAME)";
				SWIFT_VERSION = 5.0;
				TARGETED_DEVICE_FAMILY = "1,2";
				TEST_HOST = "$(BUILT_PRODUCTS_DIR)/ToDoList.app/ToDoList";
			};
			name = Release;
		};
		D4AF7CB124A409D300FCB04D /* Debug */ = {
			isa = XCBuildConfiguration;
			buildSettings = {
				ALWAYS_EMBED_SWIFT_STANDARD_LIBRARIES = YES;
				CODE_SIGN_STYLE = Automatic;
				INFOPLIST_FILE = ToDoListUITests/Info.plist;
				LD_RUNPATH_SEARCH_PATHS = (
					"$(inherited)",
					"@executable_path/Frameworks",
					"@loader_path/Frameworks",
				);
				PRODUCT_BUNDLE_IDENTIFIER = com.YourCompany.ToDoListUITests;
				PRODUCT_NAME = "$(TARGET_NAME)";
				SWIFT_VERSION = 5.0;
				TARGETED_DEVICE_FAMILY = "1,2";
				TEST_TARGET_NAME = ToDoList;
			};
			name = Debug;
		};
		D4AF7CB224A409D300FCB04D /* Release */ = {
			isa = XCBuildConfiguration;
			buildSettings = {
				ALWAYS_EMBED_SWIFT_STANDARD_LIBRARIES = YES;
				CODE_SIGN_STYLE = Automatic;
				INFOPLIST_FILE = ToDoListUITests/Info.plist;
				LD_RUNPATH_SEARCH_PATHS = (
					"$(inherited)",
					"@executable_path/Frameworks",
					"@loader_path/Frameworks",
				);
				PRODUCT_BUNDLE_IDENTIFIER = com.YourCompany.ToDoListUITests;
				PRODUCT_NAME = "$(TARGET_NAME)";
				SWIFT_VERSION = 5.0;
				TARGETED_DEVICE_FAMILY = "1,2";
				TEST_TARGET_NAME = ToDoList;
			};
			name = Release;
		};
/* End XCBuildConfiguration section */

/* Begin XCConfigurationList section */
		D4AF7C7B24A409CF00FCB04D /* Build configuration list for PBXProject "ToDoList" */ = {
			isa = XCConfigurationList;
			buildConfigurations = (
				D4AF7CA824A409D300FCB04D /* Debug */,
				D4AF7CA924A409D300FCB04D /* Release */,
			);
			defaultConfigurationIsVisible = 0;
			defaultConfigurationName = Release;
		};
		D4AF7CAA24A409D300FCB04D /* Build configuration list for PBXNativeTarget "ToDoList" */ = {
			isa = XCConfigurationList;
			buildConfigurations = (
				D4AF7CAB24A409D300FCB04D /* Debug */,
				D4AF7CAC24A409D300FCB04D /* Release */,
			);
			defaultConfigurationIsVisible = 0;
			defaultConfigurationName = Release;
		};
		D4AF7CAD24A409D300FCB04D /* Build configuration list for PBXNativeTarget "ToDoListTests" */ = {
			isa = XCConfigurationList;
			buildConfigurations = (
				D4AF7CAE24A409D300FCB04D /* Debug */,
				D4AF7CAF24A409D300FCB04D /* Release */,
			);
			defaultConfigurationIsVisible = 0;
			defaultConfigurationName = Release;
		};
		D4AF7CB024A409D300FCB04D /* Build configuration list for PBXNativeTarget "ToDoListUITests" */ = {
			isa = XCConfigurationList;
			buildConfigurations = (
				D4AF7CB124A409D300FCB04D /* Debug */,
				D4AF7CB224A409D300FCB04D /* Release */,
			);
			defaultConfigurationIsVisible = 0;
			defaultConfigurationName = Release;
		};
/* End XCConfigurationList section */
	};
	rootObject = D4AF7C7824A409CF00FCB04D /* Project object */;
}
